
Microsoft Visual Studio Solution File, Format Version 12.00
# Visual Studio Version 17
VisualStudioVersion = 17.11.35327.3
MinimumVisualStudioVersion = 10.0.40219.1
Project("{9A19103F-16F7-4668-BE54-9A1E7A4F7556}") = "University-Management", "University-Management\University-Management.csproj", "{2FA5F582-83CC-4BE7-A04C-B891F4BB07B9}"
EndProject
Project("{9A19103F-16F7-4668-BE54-9A1E7A4F7556}") = "CoreLibrary", "CoreLibrary\CoreLibrary.csproj", "{0C770DCB-F69A-44B9-AEDA-2863D98C2475}"
EndProject
Project("{9A19103F-16F7-4668-BE54-9A1E7A4F7556}") = "HelpersLibrary", "HelpersLibrary\HelpersLibrary.csproj", "{F5C1E81C-BC68-4191-8AEB-F8C4925F58F0}"
EndProject
Project("{9A19103F-16F7-4668-BE54-9A1E7A4F7556}") = "OperationsLibrary", "OperationsLibrary\OperationsLibrary.csproj", "{D488576E-4D36-45FB-8FB6-3DE5095DE389}"
EndProject
Project("{FAE04EC0-301F-11D3-BF4B-00C04F79EFBC}") = "GUI", "GUI\GUI.csproj", "{56C48F6E-8577-4278-A3EC-022E8050AE3C}"
EndProject
Global
	GlobalSection(SolutionConfigurationPlatforms) = preSolution
		Debug|Any CPU = Debug|Any CPU
		Release|Any CPU = Release|Any CPU
	EndGlobalSection
	GlobalSection(ProjectConfigurationPlatforms) = postSolution
		{2FA5F582-83CC-4BE7-A04C-B891F4BB07B9}.Debug|Any CPU.ActiveCfg = Debug|Any CPU
		{2FA5F582-83CC-4BE7-A04C-B891F4BB07B9}.Debug|Any CPU.Build.0 = Debug|Any CPU
		{2FA5F582-83CC-4BE7-A04C-B891F4BB07B9}.Release|Any CPU.ActiveCfg = Release|Any CPU
		{2FA5F582-83CC-4BE7-A04C-B891F4BB07B9}.Release|Any CPU.Build.0 = Release|Any CPU
		{0C770DCB-F69A-44B9-AEDA-2863D98C2475}.Debug|Any CPU.ActiveCfg = Debug|Any CPU
		{0C770DCB-F69A-44B9-AEDA-2863D98C2475}.Debug|Any CPU.Build.0 = Debug|Any CPU
		{0C770DCB-F69A-44B9-AEDA-2863D98C2475}.Release|Any CPU.ActiveCfg = Release|Any CPU
		{0C770DCB-F69A-44B9-AEDA-2863D98C2475}.Release|Any CPU.Build.0 = Release|Any CPU
		{F5C1E81C-BC68-4191-8AEB-F8C4925F58F0}.Debug|Any CPU.ActiveCfg = Debug|Any CPU
		{F5C1E81C-BC68-4191-8AEB-F8C4925F58F0}.Debug|Any CPU.Build.0 = Debug|Any CPU
		{F5C1E81C-BC68-4191-8AEB-F8C4925F58F0}.Release|Any CPU.ActiveCfg = Release|Any CPU
		{F5C1E81C-BC68-4191-8AEB-F8C4925F58F0}.Release|Any CPU.Build.0 = Release|Any CPU
		{D488576E-4D36-45FB-8FB6-3DE5095DE389}.Debug|Any CPU.ActiveCfg = Debug|Any CPU
		{D488576E-4D36-45FB-8FB6-3DE5095DE389}.Debug|Any CPU.Build.0 = Debug|Any CPU
		{D488576E-4D36-45FB-8FB6-3DE5095DE389}.Release|Any CPU.ActiveCfg = Release|Any CPU
		{D488576E-4D36-45FB-8FB6-3DE5095DE389}.Release|Any CPU.Build.0 = Release|Any CPU
		{56C48F6E-8577-4278-A3EC-022E8050AE3C}.Debug|Any CPU.ActiveCfg = Debug|Any CPU
		{56C48F6E-8577-4278-A3EC-022E8050AE3C}.Debug|Any CPU.Build.0 = Debug|Any CPU
		{56C48F6E-8577-4278-A3EC-022E8050AE3C}.Release|Any CPU.ActiveCfg = Release|Any CPU
		{56C48F6E-8577-4278-A3EC-022E8050AE3C}.Release|Any CPU.Build.0 = Release|Any CPU
	EndGlobalSection
	GlobalSection(SolutionProperties) = preSolution
		HideSolutionNode = FALSE
	EndGlobalSection
	GlobalSection(ExtensibilityGlobals) = postSolution
		SolutionGuid = {5E02C2CB-271B-499B-83DD-1EBB36F0F5BA}
	EndGlobalSection
EndGlobal
